
Microsoft Visual Studio Solution File, Format Version 12.00
# Visual Studio Version 17
VisualStudioVersion = 17.3.32929.385
MinimumVisualStudioVersion = 10.0.40219.1
Project("{9A19103F-16F7-4668-BE54-9A1E7A4F7556}") = "szyfr cezara", "szyfr cezara\szyfr cezara.csproj", "{597EF330-7D4D-4553-BACF-4D867A65F0BB}"
EndProject
Project("{FAE04EC0-301F-11D3-BF4B-00C04F79EFBC}") = "interfejsszyfru", "interfejsszyfru\interfejsszyfru.csproj", "{F7883669-FB4A-455E-B3F1-E63B9560092B}"
EndProject
Global
	GlobalSection(SolutionConfigurationPlatforms) = preSolution
		Debug|Any CPU = Debug|Any CPU
		Release|Any CPU = Release|Any CPU
	EndGlobalSection
	GlobalSection(ProjectConfigurationPlatforms) = postSolution
		{597EF330-7D4D-4553-BACF-4D867A65F0BB}.Debug|Any CPU.ActiveCfg = Debug|Any CPU
		{597EF330-7D4D-4553-BACF-4D867A65F0BB}.Debug|Any CPU.Build.0 = Debug|Any CPU
		{597EF330-7D4D-4553-BACF-4D867A65F0BB}.Release|Any CPU.ActiveCfg = Release|Any CPU
		{597EF330-7D4D-4553-BACF-4D867A65F0BB}.Release|Any CPU.Build.0 = Release|Any CPU
		{F7883669-FB4A-455E-B3F1-E63B9560092B}.Debug|Any CPU.ActiveCfg = Debug|Any CPU
		{F7883669-FB4A-455E-B3F1-E63B9560092B}.Debug|Any CPU.Build.0 = Debug|Any CPU
		{F7883669-FB4A-455E-B3F1-E63B9560092B}.Release|Any CPU.ActiveCfg = Release|Any CPU
		{F7883669-FB4A-455E-B3F1-E63B9560092B}.Release|Any CPU.Build.0 = Release|Any CPU
	EndGlobalSection
	GlobalSection(SolutionProperties) = preSolution
		HideSolutionNode = FALSE
	EndGlobalSection
	GlobalSection(ExtensibilityGlobals) = postSolution
		SolutionGuid = {4F035D81-C276-40D7-B93F-36CE5AA2C599}
	EndGlobalSection
EndGlobal
